// !$*UTF8*$!
{
	archiveVersion = 1;
	classes = {
	};
	objectVersion = 55;
	objects = {

/* Begin PBXBuildFile section */
		AD12C8CF2873BF0600159074 /* AppDelegate.swift in Sources */ = {isa = PBXBuildFile; fileRef = AD12C8CE2873BF0600159074 /* AppDelegate.swift */; };
		AD12C8D12873BF0600159074 /* SceneDelegate.swift in Sources */ = {isa = PBXBuildFile; fileRef = AD12C8D02873BF0600159074 /* SceneDelegate.swift */; };
		AD12C8D32873BF0600159074 /* ViewController.swift in Sources */ = {isa = PBXBuildFile; fileRef = AD12C8D22873BF0600159074 /* ViewController.swift */; };
		AD12C8D62873BF0600159074 /* Main.storyboard in Resources */ = {isa = PBXBuildFile; fileRef = AD12C8D42873BF0600159074 /* Main.storyboard */; };
		AD12C8D82873BF0800159074 /* Assets.xcassets in Resources */ = {isa = PBXBuildFile; fileRef = AD12C8D72873BF0800159074 /* Assets.xcassets */; };
		AD12C8DB2873BF0800159074 /* LaunchScreen.storyboard in Resources */ = {isa = PBXBuildFile; fileRef = AD12C8D92873BF0800159074 /* LaunchScreen.storyboard */; };
		AD12C8E62873BF0800159074 /* CarouselCollectionViewExampleTests.swift in Sources */ = {isa = PBXBuildFile; fileRef = AD12C8E52873BF0800159074 /* CarouselCollectionViewExampleTests.swift */; };
		AD12C8F02873BF0800159074 /* CarouselCollectionViewExampleUITests.swift in Sources */ = {isa = PBXBuildFile; fileRef = AD12C8EF2873BF0800159074 /* CarouselCollectionViewExampleUITests.swift */; };
		AD12C8F22873BF0800159074 /* CarouselCollectionViewExampleUITestsLaunchTests.swift in Sources */ = {isa = PBXBuildFile; fileRef = AD12C8F12873BF0800159074 /* CarouselCollectionViewExampleUITestsLaunchTests.swift */; };
/* End PBXBuildFile section */

/* Begin PBXContainerItemProxy section */
		AD12C8E22873BF0800159074 /* PBXContainerItemProxy */ = {
			isa = PBXContainerItemProxy;
			containerPortal = AD12C8C32873BF0600159074 /* Project object */;
			proxyType = 1;
			remoteGlobalIDString = AD12C8CA2873BF0600159074;
			remoteInfo = CarouselCollectionViewExample;
		};
		AD12C8EC2873BF0800159074 /* PBXContainerItemProxy */ = {
			isa = PBXContainerItemProxy;
			containerPortal = AD12C8C32873BF0600159074 /* Project object */;
			proxyType = 1;
			remoteGlobalIDString = AD12C8CA2873BF0600159074;
			remoteInfo = CarouselCollectionViewExample;
		};
/* End PBXContainerItemProxy section */

/* Begin PBXFileReference section */
		AD12C8CB2873BF0600159074 /* CarouselCollectionViewExample.app */ = {isa = PBXFileReference; explicitFileType = wrapper.application; includeInIndex = 0; path = CarouselCollectionViewExample.app; sourceTree = BUILT_PRODUCTS_DIR; };
		AD12C8CE2873BF0600159074 /* AppDelegate.swift */ = {isa = PBXFileReference; lastKnownFileType = sourcecode.swift; path = AppDelegate.swift; sourceTree = "<group>"; };
		AD12C8D02873BF0600159074 /* SceneDelegate.swift */ = {isa = PBXFileReference; lastKnownFileType = sourcecode.swift; path = SceneDelegate.swift; sourceTree = "<group>"; };
		AD12C8D22873BF0600159074 /* ViewController.swift */ = {isa = PBXFileReference; lastKnownFileType = sourcecode.swift; path = ViewController.swift; sourceTree = "<group>"; };
		AD12C8D52873BF0600159074 /* Base */ = {isa = PBXFileReference; lastKnownFileType = file.storyboard; name = Base; path = Base.lproj/Main.storyboard; sourceTree = "<group>"; };
		AD12C8D72873BF0800159074 /* Assets.xcassets */ = {isa = PBXFileReference; lastKnownFileType = folder.assetcatalog; path = Assets.xcassets; sourceTree = "<group>"; };
		AD12C8DA2873BF0800159074 /* Base */ = {isa = PBXFileReference; lastKnownFileType = file.storyboard; name = Base; path = Base.lproj/LaunchScreen.storyboard; sourceTree = "<group>"; };
		AD12C8DC2873BF0800159074 /* Info.plist */ = {isa = PBXFileReference; lastKnownFileType = text.plist.xml; path = Info.plist; sourceTree = "<group>"; };
		AD12C8E12873BF0800159074 /* CarouselCollectionViewExampleTests.xctest */ = {isa = PBXFileReference; explicitFileType = wrapper.cfbundle; includeInIndex = 0; path = CarouselCollectionViewExampleTests.xctest; sourceTree = BUILT_PRODUCTS_DIR; };
		AD12C8E52873BF0800159074 /* CarouselCollectionViewExampleTests.swift */ = {isa = PBXFileReference; lastKnownFileType = sourcecode.swift; path = CarouselCollectionViewExampleTests.swift; sourceTree = "<group>"; };
		AD12C8EB2873BF0800159074 /* CarouselCollectionViewExampleUITests.xctest */ = {isa = PBXFileReference; explicitFileType = wrapper.cfbundle; includeInIndex = 0; path = CarouselCollectionViewExampleUITests.xctest; sourceTree = BUILT_PRODUCTS_DIR; };
		AD12C8EF2873BF0800159074 /* CarouselCollectionViewExampleUITests.swift */ = {isa = PBXFileReference; lastKnownFileType = sourcecode.swift; path = CarouselCollectionViewExampleUITests.swift; sourceTree = "<group>"; };
		AD12C8F12873BF0800159074 /* CarouselCollectionViewExampleUITestsLaunchTests.swift */ = {isa = PBXFileReference; lastKnownFileType = sourcecode.swift; path = CarouselCollectionViewExampleUITestsLaunchTests.swift; sourceTree = "<group>"; };
/* End PBXFileReference section */

/* Begin PBXFrameworksBuildPhase section */
		AD12C8C82873BF0600159074 /* Frameworks */ = {
			isa = PBXFrameworksBuildPhase;
			buildActionMask = 2147483647;
			files = (
			);
			runOnlyForDeploymentPostprocessing = 0;
		};
		AD12C8DE2873BF0800159074 /* Frameworks */ = {
			isa = PBXFrameworksBuildPhase;
			buildActionMask = 2147483647;
			files = (
			);
			runOnlyForDeploymentPostprocessing = 0;
		};
		AD12C8E82873BF0800159074 /* Frameworks */ = {
			isa = PBXFrameworksBuildPhase;
			buildActionMask = 2147483647;
			files = (
			);
			runOnlyForDeploymentPostprocessing = 0;
		};
/* End PBXFrameworksBuildPhase section */

/* Begin PBXGroup section */
		AD12C8C22873BF0600159074 = {
			isa = PBXGroup;
			children = (
				AD12C8CD2873BF0600159074 /* CarouselCollectionViewExample */,
				AD12C8E42873BF0800159074 /* CarouselCollectionViewExampleTests */,
				AD12C8EE2873BF0800159074 /* CarouselCollectionViewExampleUITests */,
				AD12C8CC2873BF0600159074 /* Products */,
			);
			sourceTree = "<group>";
		};
		AD12C8CC2873BF0600159074 /* Products */ = {
			isa = PBXGroup;
			children = (
				AD12C8CB2873BF0600159074 /* CarouselCollectionViewExample.app */,
				AD12C8E12873BF0800159074 /* CarouselCollectionViewExampleTests.xctest */,
				AD12C8EB2873BF0800159074 /* CarouselCollectionViewExampleUITests.xctest */,
			);
			name = Products;
			sourceTree = "<group>";
		};
		AD12C8CD2873BF0600159074 /* CarouselCollectionViewExample */ = {
			isa = PBXGroup;
			children = (
				AD12C8CE2873BF0600159074 /* AppDelegate.swift */,
				AD12C8D02873BF0600159074 /* SceneDelegate.swift */,
				AD12C8D22873BF0600159074 /* ViewController.swift */,
				AD12C8D42873BF0600159074 /* Main.storyboard */,
				AD12C8D72873BF0800159074 /* Assets.xcassets */,
				AD12C8D92873BF0800159074 /* LaunchScreen.storyboard */,
				AD12C8DC2873BF0800159074 /* Info.plist */,
			);
			path = CarouselCollectionViewExample;
			sourceTree = "<group>";
		};
		AD12C8E42873BF0800159074 /* CarouselCollectionViewExampleTests */ = {
			isa = PBXGroup;
			children = (
				AD12C8E52873BF0800159074 /* CarouselCollectionViewExampleTests.swift */,
			);
			path = CarouselCollectionViewExampleTests;
			sourceTree = "<group>";
		};
		AD12C8EE2873BF0800159074 /* CarouselCollectionViewExampleUITests */ = {
			isa = PBXGroup;
			children = (
				AD12C8EF2873BF0800159074 /* CarouselCollectionViewExampleUITests.swift */,
				AD12C8F12873BF0800159074 /* CarouselCollectionViewExampleUITestsLaunchTests.swift */,
			);
			path = CarouselCollectionViewExampleUITests;
			sourceTree = "<group>";
		};
/* End PBXGroup section */

/* Begin PBXNativeTarget section */
		AD12C8CA2873BF0600159074 /* CarouselCollectionViewExample */ = {
			isa = PBXNativeTarget;
			buildConfigurationList = AD12C8F52873BF0800159074 /* Build configuration list for PBXNativeTarget "CarouselCollectionViewExample" */;
			buildPhases = (
				AD12C8C72873BF0600159074 /* Sources */,
				AD12C8C82873BF0600159074 /* Frameworks */,
				AD12C8C92873BF0600159074 /* Resources */,
			);
			buildRules = (
			);
			dependencies = (
			);
			name = CarouselCollectionViewExample;
			productName = CarouselCollectionViewExample;
			productReference = AD12C8CB2873BF0600159074 /* CarouselCollectionViewExample.app */;
			productType = "com.apple.product-type.application";
		};
		AD12C8E02873BF0800159074 /* CarouselCollectionViewExampleTests */ = {
			isa = PBXNativeTarget;
			buildConfigurationList = AD12C8F82873BF0800159074 /* Build configuration list for PBXNativeTarget "CarouselCollectionViewExampleTests" */;
			buildPhases = (
				AD12C8DD2873BF0800159074 /* Sources */,
				AD12C8DE2873BF0800159074 /* Frameworks */,
				AD12C8DF2873BF0800159074 /* Resources */,
			);
			buildRules = (
			);
			dependencies = (
				AD12C8E32873BF0800159074 /* PBXTargetDependency */,
			);
			name = CarouselCollectionViewExampleTests;
			productName = CarouselCollectionViewExampleTests;
			productReference = AD12C8E12873BF0800159074 /* CarouselCollectionViewExampleTests.xctest */;
			productType = "com.apple.product-type.bundle.unit-test";
		};
		AD12C8EA2873BF0800159074 /* CarouselCollectionViewExampleUITests */ = {
			isa = PBXNativeTarget;
			buildConfigurationList = AD12C8FB2873BF0800159074 /* Build configuration list for PBXNativeTarget "CarouselCollectionViewExampleUITests" */;
			buildPhases = (
				AD12C8E72873BF0800159074 /* Sources */,
				AD12C8E82873BF0800159074 /* Frameworks */,
				AD12C8E92873BF0800159074 /* Resources */,
			);
			buildRules = (
			);
			dependencies = (
				AD12C8ED2873BF0800159074 /* PBXTargetDependency */,
			);
			name = CarouselCollectionViewExampleUITests;
			productName = CarouselCollectionViewExampleUITests;
			productReference = AD12C8EB2873BF0800159074 /* CarouselCollectionViewExampleUITests.xctest */;
			productType = "com.apple.product-type.bundle.ui-testing";
		};
/* End PBXNativeTarget section */

/* Begin PBXProject section */
		AD12C8C32873BF0600159074 /* Project object */ = {
			isa = PBXProject;
			attributes = {
				BuildIndependentTargetsInParallel = 1;
				LastSwiftUpdateCheck = 1320;
				LastUpgradeCheck = 1320;
				TargetAttributes = {
					AD12C8CA2873BF0600159074 = {
						CreatedOnToolsVersion = 13.2.1;
					};
					AD12C8E02873BF0800159074 = {
						CreatedOnToolsVersion = 13.2.1;
						TestTargetID = AD12C8CA2873BF0600159074;
					};
					AD12C8EA2873BF0800159074 = {
						CreatedOnToolsVersion = 13.2.1;
						TestTargetID = AD12C8CA2873BF0600159074;
					};
				};
			};
			buildConfigurationList = AD12C8C62873BF0600159074 /* Build configuration list for PBXProject "CarouselCollectionViewExample" */;
			compatibilityVersion = "Xcode 13.0";
			developmentRegion = en;
			hasScannedForEncodings = 0;
			knownRegions = (
				en,
				Base,
			);
			mainGroup = AD12C8C22873BF0600159074;
			productRefGroup = AD12C8CC2873BF0600159074 /* Products */;
			projectDirPath = "";
			projectRoot = "";
			targets = (
				AD12C8CA2873BF0600159074 /* CarouselCollectionViewExample */,
				AD12C8E02873BF0800159074 /* CarouselCollectionViewExampleTests */,
				AD12C8EA2873BF0800159074 /* CarouselCollectionViewExampleUITests */,
			);
		};
/* End PBXProject section */

/* Begin PBXResourcesBuildPhase section */
		AD12C8C92873BF0600159074 /* Resources */ = {
			isa = PBXResourcesBuildPhase;
			buildActionMask = 2147483647;
			files = (
				AD12C8DB2873BF0800159074 /* LaunchScreen.storyboard in Resources */,
				AD12C8D82873BF0800159074 /* Assets.xcassets in Resources */,
				AD12C8D62873BF0600159074 /* Main.storyboard in Resources */,
			);
			runOnlyForDeploymentPostprocessing = 0;
		};
		AD12C8DF2873BF0800159074 /* Resources */ = {
			isa = PBXResourcesBuildPhase;
			buildActionMask = 2147483647;
			files = (
			);
			runOnlyForDeploymentPostprocessing = 0;
		};
		AD12C8E92873BF0800159074 /* Resources */ = {
			isa = PBXResourcesBuildPhase;
			buildActionMask = 2147483647;
			files = (
			);
			runOnlyForDeploymentPostprocessing = 0;
		};
/* End PBXResourcesBuildPhase section */

/* Begin PBXSourcesBuildPhase section */
		AD12C8C72873BF0600159074 /* Sources */ = {
			isa = PBXSourcesBuildPhase;
			buildActionMask = 2147483647;
			files = (
				AD12C8D32873BF0600159074 /* ViewController.swift in Sources */,
				AD12C8CF2873BF0600159074 /* AppDelegate.swift in Sources */,
				AD12C8D12873BF0600159074 /* SceneDelegate.swift in Sources */,
			);
			runOnlyForDeploymentPostprocessing = 0;
		};
		AD12C8DD2873BF0800159074 /* Sources */ = {
			isa = PBXSourcesBuildPhase;
			buildActionMask = 2147483647;
			files = (
				AD12C8E62873BF0800159074 /* CarouselCollectionViewExampleTests.swift in Sources */,
			);
			runOnlyForDeploymentPostprocessing = 0;
		};
		AD12C8E72873BF0800159074 /* Sources */ = {
			isa = PBXSourcesBuildPhase;
			buildActionMask = 2147483647;
			files = (
				AD12C8F22873BF0800159074 /* CarouselCollectionViewExampleUITestsLaunchTests.swift in Sources */,
				AD12C8F02873BF0800159074 /* CarouselCollectionViewExampleUITests.swift in Sources */,
			);
			runOnlyForDeploymentPostprocessing = 0;
		};
/* End PBXSourcesBuildPhase section */

/* Begin PBXTargetDependency section */
		AD12C8E32873BF0800159074 /* PBXTargetDependency */ = {
			isa = PBXTargetDependency;
			target = AD12C8CA2873BF0600159074 /* CarouselCollectionViewExample */;
			targetProxy = AD12C8E22873BF0800159074 /* PBXContainerItemProxy */;
		};
		AD12C8ED2873BF0800159074 /* PBXTargetDependency */ = {
			isa = PBXTargetDependency;
			target = AD12C8CA2873BF0600159074 /* CarouselCollectionViewExample */;
			targetProxy = AD12C8EC2873BF0800159074 /* PBXContainerItemProxy */;
		};
/* End PBXTargetDependency section */

/* Begin PBXVariantGroup section */
		AD12C8D42873BF0600159074 /* Main.storyboard */ = {
			isa = PBXVariantGroup;
			children = (
				AD12C8D52873BF0600159074 /* Base */,
			);
			name = Main.storyboard;
			sourceTree = "<group>";
		};
		AD12C8D92873BF0800159074 /* LaunchScreen.storyboard */ = {
			isa = PBXVariantGroup;
			children = (
				AD12C8DA2873BF0800159074 /* Base */,
			);
			name = LaunchScreen.storyboard;
			sourceTree = "<group>";
		};
/* End PBXVariantGroup section */

/* Begin XCBuildConfiguration section */
		AD12C8F32873BF0800159074 /* Debug */ = {
			isa = XCBuildConfiguration;
			buildSettings = {
				ALWAYS_SEARCH_USER_PATHS = NO;
				CLANG_ANALYZER_NONNULL = YES;
				CLANG_ANALYZER_NUMBER_OBJECT_CONVERSION = YES_AGGRESSIVE;
				CLANG_CXX_LANGUAGE_STANDARD = "gnu++17";
				CLANG_CXX_LIBRARY = "libc++";
				CLANG_ENABLE_MODULES = YES;
				CLANG_ENABLE_OBJC_ARC = YES;
				CLANG_ENABLE_OBJC_WEAK = YES;
				CLANG_WARN_BLOCK_CAPTURE_AUTORELEASING = YES;
				CLANG_WARN_BOOL_CONVERSION = YES;
				CLANG_WARN_COMMA = YES;
				CLANG_WARN_CONSTANT_CONVERSION = YES;
				CLANG_WARN_DEPRECATED_OBJC_IMPLEMENTATIONS = YES;
				CLANG_WARN_DIRECT_OBJC_ISA_USAGE = YES_ERROR;
				CLANG_WARN_DOCUMENTATION_COMMENTS = YES;
				CLANG_WARN_EMPTY_BODY = YES;
				CLANG_WARN_ENUM_CONVERSION = YES;
				CLANG_WARN_INFINITE_RECURSION = YES;
				CLANG_WARN_INT_CONVERSION = YES;
				CLANG_WARN_NON_LITERAL_NULL_CONVERSION = YES;
				CLANG_WARN_OBJC_IMPLICIT_RETAIN_SELF = YES;
				CLANG_WARN_OBJC_LITERAL_CONVERSION = YES;
				CLANG_WARN_OBJC_ROOT_CLASS = YES_ERROR;
				CLANG_WARN_QUOTED_INCLUDE_IN_FRAMEWORK_HEADER = YES;
				CLANG_WARN_RANGE_LOOP_ANALYSIS = YES;
				CLANG_WARN_STRICT_PROTOTYPES = YES;
				CLANG_WARN_SUSPICIOUS_MOVE = YES;
				CLANG_WARN_UNGUARDED_AVAILABILITY = YES_AGGRESSIVE;
				CLANG_WARN_UNREACHABLE_CODE = YES;
				CLANG_WARN__DUPLICATE_METHOD_MATCH = YES;
				COPY_PHASE_STRIP = NO;
				DEBUG_INFORMATION_FORMAT = dwarf;
				ENABLE_STRICT_OBJC_MSGSEND = YES;
				ENABLE_TESTABILITY = YES;
				GCC_C_LANGUAGE_STANDARD = gnu11;
				GCC_DYNAMIC_NO_PIC = NO;
				GCC_NO_COMMON_BLOCKS = YES;
				GCC_OPTIMIZATION_LEVEL = 0;
				GCC_PREPROCESSOR_DEFINITIONS = (
					"DEBUG=1",
					"$(inherited)",
				);
				GCC_WARN_64_TO_32_BIT_CONVERSION = YES;
				GCC_WARN_ABOUT_RETURN_TYPE = YES_ERROR;
				GCC_WARN_UNDECLARED_SELECTOR = YES;
				GCC_WARN_UNINITIALIZED_AUTOS = YES_AGGRESSIVE;
				GCC_WARN_UNUSED_FUNCTION = YES;
				GCC_WARN_UNUSED_VARIABLE = YES;
				IPHONEOS_DEPLOYMENT_TARGET = 15.2;
				MTL_ENABLE_DEBUG_INFO = INCLUDE_SOURCE;
				MTL_FAST_MATH = YES;
				ONLY_ACTIVE_ARCH = YES;
				SDKROOT = iphoneos;
				SWIFT_ACTIVE_COMPILATION_CONDITIONS = DEBUG;
				SWIFT_OPTIMIZATION_LEVEL = "-Onone";
			};
			name = Debug;
		};
		AD12C8F42873BF0800159074 /* Release */ = {
			isa = XCBuildConfiguration;
			buildSettings = {
				ALWAYS_SEARCH_USER_PATHS = NO;
				CLANG_ANALYZER_NONNULL = YES;
				CLANG_ANALYZER_NUMBER_OBJECT_CONVERSION = YES_AGGRESSIVE;
				CLANG_CXX_LANGUAGE_STANDARD = "gnu++17";
				CLANG_CXX_LIBRARY = "libc++";
				CLANG_ENABLE_MODULES = YES;
				CLANG_ENABLE_OBJC_ARC = YES;
				CLANG_ENABLE_OBJC_WEAK = YES;
				CLANG_WARN_BLOCK_CAPTURE_AUTORELEASING = YES;
				CLANG_WARN_BOOL_CONVERSION = YES;
				CLANG_WARN_COMMA = YES;
				CLANG_WARN_CONSTANT_CONVERSION = YES;
				CLANG_WARN_DEPRECATED_OBJC_IMPLEMENTATIONS = YES;
				CLANG_WARN_DIRECT_OBJC_ISA_USAGE = YES_ERROR;
				CLANG_WARN_DOCUMENTATION_COMMENTS = YES;
				CLANG_WARN_EMPTY_BODY = YES;
				CLANG_WARN_ENUM_CONVERSION = YES;
				CLANG_WARN_INFINITE_RECURSION = YES;
				CLANG_WARN_INT_CONVERSION = YES;
				CLANG_WARN_NON_LITERAL_NULL_CONVERSION = YES;
				CLANG_WARN_OBJC_IMPLICIT_RETAIN_SELF = YES;
				CLANG_WARN_OBJC_LITERAL_CONVERSION = YES;
				CLANG_WARN_OBJC_ROOT_CLASS = YES_ERROR;
				CLANG_WARN_QUOTED_INCLUDE_IN_FRAMEWORK_HEADER = YES;
				CLANG_WARN_RANGE_LOOP_ANALYSIS = YES;
				CLANG_WARN_STRICT_PROTOTYPES = YES;
				CLANG_WARN_SUSPICIOUS_MOVE = YES;
				CLANG_WARN_UNGUARDED_AVAILABILITY = YES_AGGRESSIVE;
				CLANG_WARN_UNREACHABLE_CODE = YES;
				CLANG_WARN__DUPLICATE_METHOD_MATCH = YES;
				COPY_PHASE_STRIP = NO;
				DEBUG_INFORMATION_FORMAT = "dwarf-with-dsym";
				ENABLE_NS_ASSERTIONS = NO;
				ENABLE_STRICT_OBJC_MSGSEND = YES;
				GCC_C_LANGUAGE_STANDARD = gnu11;
				GCC_NO_COMMON_BLOCKS = YES;
				GCC_WARN_64_TO_32_BIT_CONVERSION = YES;
				GCC_WARN_ABOUT_RETURN_TYPE = YES_ERROR;
				GCC_WARN_UNDECLARED_SELECTOR = YES;
				GCC_WARN_UNINITIALIZED_AUTOS = YES_AGGRESSIVE;
				GCC_WARN_UNUSED_FUNCTION = YES;
				GCC_WARN_UNUSED_VARIABLE = YES;
				IPHONEOS_DEPLOYMENT_TARGET = 15.2;
				MTL_ENABLE_DEBUG_INFO = NO;
				MTL_FAST_MATH = YES;
				SDKROOT = iphoneos;
				SWIFT_COMPILATION_MODE = wholemodule;
				SWIFT_OPTIMIZATION_LEVEL = "-O";
				VALIDATE_PRODUCT = YES;
			};
			name = Release;
		};
		AD12C8F62873BF0800159074 /* Debug */ = {
			isa = XCBuildConfiguration;
			buildSettings = {
				ASSETCATALOG_COMPILER_APPICON_NAME = AppIcon;
				ASSETCATALOG_COMPILER_GLOBAL_ACCENT_COLOR_NAME = AccentColor;
				CODE_SIGN_STYLE = Automatic;
				CURRENT_PROJECT_VERSION = 1;
				DEVELOPMENT_TEAM = HDFLLXK789;
				GENERATE_INFOPLIST_FILE = YES;
				INFOPLIST_FILE = CarouselCollectionViewExample/Info.plist;
				INFOPLIST_KEY_UIApplicationSupportsIndirectInputEvents = YES;
				INFOPLIST_KEY_UILaunchStoryboardName = LaunchScreen;
				INFOPLIST_KEY_UIMainStoryboardFile = Main;
				INFOPLIST_KEY_UISupportedInterfaceOrientations_iPad = "UIInterfaceOrientationPortrait UIInterfaceOrientationPortraitUpsideDown UIInterfaceOrientationLandscapeLeft UIInterfaceOrientationLandscapeRight";
				INFOPLIST_KEY_UISupportedInterfaceOrientations_iPhone = "UIInterfaceOrientationPortrait UIInterfaceOrientationLandscapeLeft UIInterfaceOrientationLandscapeRight";
				LD_RUNPATH_SEARCH_PATHS = (
					"$(inherited)",
					"@executable_path/Frameworks",
				);
				MARKETING_VERSION = 1.0;
				PRODUCT_BUNDLE_IDENTIFIER = com.ycompany.CarouselCollectionViewExample;
				PRODUCT_NAME = "$(TARGET_NAME)";
				SWIFT_EMIT_LOC_STRINGS = YES;
				SWIFT_VERSION = 5.0;
				TARGETED_DEVICE_FAMILY = "1,2";
			};
			name = Debug;
		};
		AD12C8F72873BF0800159074 /* Release */ = {
			isa = XCBuildConfiguration;
			buildSettings = {
				ASSETCATALOG_COMPILER_APPICON_NAME = AppIcon;
				ASSETCATALOG_COMPILER_GLOBAL_ACCENT_COLOR_NAME = AccentColor;
				CODE_SIGN_STYLE = Automatic;
				CURRENT_PROJECT_VERSION = 1;
				DEVELOPMENT_TEAM = HDFLLXK789;
				GENERATE_INFOPLIST_FILE = YES;
				INFOPLIST_FILE = CarouselCollectionViewExample/Info.plist;
				INFOPLIST_KEY_UIApplicationSupportsIndirectInputEvents = YES;
				INFOPLIST_KEY_UILaunchStoryboardName = LaunchScreen;
				INFOPLIST_KEY_UIMainStoryboardFile = Main;
				INFOPLIST_KEY_UISupportedInterfaceOrientations_iPad = "UIInterfaceOrientationPortrait UIInterfaceOrientationPortraitUpsideDown UIInterfaceOrientationLandscapeLeft UIInterfaceOrientationLandscapeRight";
				INFOPLIST_KEY_UISupportedInterfaceOrientations_iPhone = "UIInterfaceOrientationPortrait UIInterfaceOrientationLandscapeLeft UIInterfaceOrientationLandscapeRight";
				LD_RUNPATH_SEARCH_PATHS = (
					"$(inherited)",
					"@executable_path/Frameworks",
				);
				MARKETING_VERSION = 1.0;
				PRODUCT_BUNDLE_IDENTIFIER = com.ycompany.CarouselCollectionViewExample;
				PRODUCT_NAME = "$(TARGET_NAME)";
				SWIFT_EMIT_LOC_STRINGS = YES;
				SWIFT_VERSION = 5.0;
				TARGETED_DEVICE_FAMILY = "1,2";
			};
			name = Release;
		};
		AD12C8F92873BF0800159074 /* Debug */ = {
			isa = XCBuildConfiguration;
			buildSettings = {
				ALWAYS_EMBED_SWIFT_STANDARD_LIBRARIES = YES;
				BUNDLE_LOADER = "$(TEST_HOST)";
				CODE_SIGN_STYLE = Automatic;
				CURRENT_PROJECT_VERSION = 1;
				DEVELOPMENT_TEAM = HDFLLXK789;
				GENERATE_INFOPLIST_FILE = YES;
				IPHONEOS_DEPLOYMENT_TARGET = 15.2;
				MARKETING_VERSION = 1.0;
				PRODUCT_BUNDLE_IDENTIFIER = com.ycompany.CarouselCollectionViewExampleTests;
				PRODUCT_NAME = "$(TARGET_NAME)";
				SWIFT_EMIT_LOC_STRINGS = NO;
				SWIFT_VERSION = 5.0;
				TARGETED_DEVICE_FAMILY = "1,2";
				TEST_HOST = "$(BUILT_PRODUCTS_DIR)/CarouselCollectionViewExample.app/CarouselCollectionViewExample";
			};
			name = Debug;
		};
		AD12C8FA2873BF0800159074 /* Release */ = {
			isa = XCBuildConfiguration;
			buildSettings = {
				ALWAYS_EMBED_SWIFT_STANDARD_LIBRARIES = YES;
				BUNDLE_LOADER = "$(TEST_HOST)";
				CODE_SIGN_STYLE = Automatic;
				CURRENT_PROJECT_VERSION = 1;
				DEVELOPMENT_TEAM = HDFLLXK789;
				GENERATE_INFOPLIST_FILE = YES;
				IPHONEOS_DEPLOYMENT_TARGET = 15.2;
				MARKETING_VERSION = 1.0;
				PRODUCT_BUNDLE_IDENTIFIER = com.ycompany.CarouselCollectionViewExampleTests;
				PRODUCT_NAME = "$(TARGET_NAME)";
				SWIFT_EMIT_LOC_STRINGS = NO;
				SWIFT_VERSION = 5.0;
				TARGETED_DEVICE_FAMILY = "1,2";
				TEST_HOST = "$(BUILT_PRODUCTS_DIR)/CarouselCollectionViewExample.app/CarouselCollectionViewExample";
			};
			name = Release;
		};
		AD12C8FC2873BF0800159074 /* Debug */ = {
			isa = XCBuildConfiguration;
			buildSettings = {
				ALWAYS_EMBED_SWIFT_STANDARD_LIBRARIES = YES;
				CODE_SIGN_STYLE = Automatic;
				CURRENT_PROJECT_VERSION = 1;
				DEVELOPMENT_TEAM = HDFLLXK789;
				GENERATE_INFOPLIST_FILE = YES;
				MARKETING_VERSION = 1.0;
				PRODUCT_BUNDLE_IDENTIFIER = com.ycompany.CarouselCollectionViewExampleUITests;
				PRODUCT_NAME = "$(TARGET_NAME)";
				SWIFT_EMIT_LOC_STRINGS = NO;
				SWIFT_VERSION = 5.0;
				TARGETED_DEVICE_FAMILY = "1,2";
				TEST_TARGET_NAME = CarouselCollectionViewExample;
			};
			name = Debug;
		};
		AD12C8FD2873BF0800159074 /* Release */ = {
			isa = XCBuildConfiguration;
			buildSettings = {
				ALWAYS_EMBED_SWIFT_STANDARD_LIBRARIES = YES;
				CODE_SIGN_STYLE = Automatic;
				CURRENT_PROJECT_VERSION = 1;
				DEVELOPMENT_TEAM = HDFLLXK789;
				GENERATE_INFOPLIST_FILE = YES;
				MARKETING_VERSION = 1.0;
				PRODUCT_BUNDLE_IDENTIFIER = com.ycompany.CarouselCollectionViewExampleUITests;
				PRODUCT_NAME = "$(TARGET_NAME)";
				SWIFT_EMIT_LOC_STRINGS = NO;
				SWIFT_VERSION = 5.0;
				TARGETED_DEVICE_FAMILY = "1,2";
				TEST_TARGET_NAME = CarouselCollectionViewExample;
			};
			name = Release;
		};
/* End XCBuildConfiguration section */

/* Begin XCConfigurationList section */
		AD12C8C62873BF0600159074 /* Build configuration list for PBXProject "CarouselCollectionViewExample" */ = {
			isa = XCConfigurationList;
			buildConfigurations = (
				AD12C8F32873BF0800159074 /* Debug */,
				AD12C8F42873BF0800159074 /* Release */,
			);
			defaultConfigurationIsVisible = 0;
			defaultConfigurationName = Release;
		};
		AD12C8F52873BF0800159074 /* Build configuration list for PBXNativeTarget "CarouselCollectionViewExample" */ = {
			isa = XCConfigurationList;
			buildConfigurations = (
				AD12C8F62873BF0800159074 /* Debug */,
				AD12C8F72873BF0800159074 /* Release */,
			);
			defaultConfigurationIsVisible = 0;
			defaultConfigurationName = Release;
		};
		AD12C8F82873BF0800159074 /* Build configuration list for PBXNativeTarget "CarouselCollectionViewExampleTests" */ = {
			isa = XCConfigurationList;
			buildConfigurations = (
				AD12C8F92873BF0800159074 /* Debug */,
				AD12C8FA2873BF0800159074 /* Release */,
			);
			defaultConfigurationIsVisible = 0;
			defaultConfigurationName = Release;
		};
		AD12C8FB2873BF0800159074 /* Build configuration list for PBXNativeTarget "CarouselCollectionViewExampleUITests" */ = {
			isa = XCConfigurationList;
			buildConfigurations = (
				AD12C8FC2873BF0800159074 /* Debug */,
				AD12C8FD2873BF0800159074 /* Release */,
			);
			defaultConfigurationIsVisible = 0;
			defaultConfigurationName = Release;
		};
/* End XCConfigurationList section */
	};
	rootObject = AD12C8C32873BF0600159074 /* Project object */;
}
